// !$*UTF8*$!
{
	archiveVersion = 1;
	classes = {
	};
	objectVersion = 77;
	objects = {

/* Begin PBXBuildFile section */
		18FA8B4B2EDC1BA900014DF9 /* FirebaseAuth in Frameworks */ = {isa = PBXBuildFile; productRef = 18FA8B4A2EDC1BA900014DF9 /* FirebaseAuth */; };
		18FA8B4D2EDC1BA900014DF9 /* FirebaseCore in Frameworks */ = {isa = PBXBuildFile; productRef = 18FA8B4C2EDC1BA900014DF9 /* FirebaseCore */; };
		18FA8B552EDC1D7900014DF9 /* GoogleSignIn in Frameworks */ = {isa = PBXBuildFile; productRef = 18FA8B542EDC1D7900014DF9 /* GoogleSignIn */; };
/* End PBXBuildFile section */

/* Begin PBXContainerItemProxy section */
		188AFD152E5C5FB900F42B6C /* PBXContainerItemProxy */ = {
			isa = PBXContainerItemProxy;
			containerPortal = 188AFCFF2E5C5FB800F42B6C /* Project object */;
			proxyType = 1;
			remoteGlobalIDString = 188AFD062E5C5FB800F42B6C;
			remoteInfo = "E-commerce";
		};
		188AFD1F2E5C5FB900F42B6C /* PBXContainerItemProxy */ = {
			isa = PBXContainerItemProxy;
			containerPortal = 188AFCFF2E5C5FB800F42B6C /* Project object */;
			proxyType = 1;
			remoteGlobalIDString = 188AFD062E5C5FB800F42B6C;
			remoteInfo = "E-commerce";
		};
/* End PBXContainerItemProxy section */

/* Begin PBXFileReference section */
		188AFD072E5C5FB800F42B6C /* Psa Khmer.app */ = {isa = PBXFileReference; explicitFileType = wrapper.application; includeInIndex = 0; path = "Psa Khmer.app"; sourceTree = BUILT_PRODUCTS_DIR; };
		188AFD142E5C5FB900F42B6C /* Psa KhmerTests.xctest */ = {isa = PBXFileReference; explicitFileType = wrapper.cfbundle; includeInIndex = 0; path = "Psa KhmerTests.xctest"; sourceTree = BUILT_PRODUCTS_DIR; };
		188AFD1E2E5C5FB900F42B6C /* Psa KhmerUITests.xctest */ = {isa = PBXFileReference; explicitFileType = wrapper.cfbundle; includeInIndex = 0; path = "Psa KhmerUITests.xctest"; sourceTree = BUILT_PRODUCTS_DIR; };
		18FA8B522EDC1CA100014DF9 /* Psa-Khmer-Info.plist */ = {isa = PBXFileReference; lastKnownFileType = text.plist.xml; path = "Psa-Khmer-Info.plist"; sourceTree = "<group>"; };
/* End PBXFileReference section */

/* Begin PBXFileSystemSynchronizedRootGroup section */
		188AFD092E5C5FB800F42B6C /* E-commerce */ = {
			isa = PBXFileSystemSynchronizedRootGroup;
			path = "E-commerce";
			sourceTree = "<group>";
		};
		188AFD172E5C5FB900F42B6C /* E-commerceTests */ = {
			isa = PBXFileSystemSynchronizedRootGroup;
			path = "E-commerceTests";
			sourceTree = "<group>";
		};
		188AFD212E5C5FB900F42B6C /* E-commerceUITests */ = {
			isa = PBXFileSystemSynchronizedRootGroup;
			path = "E-commerceUITests";
			sourceTree = "<group>";
		};
/* End PBXFileSystemSynchronizedRootGroup section */

/* Begin PBXFrameworksBuildPhase section */
		188AFD042E5C5FB800F42B6C /* Frameworks */ = {
			isa = PBXFrameworksBuildPhase;
			buildActionMask = 2147483647;
			files = (
				18FA8B4D2EDC1BA900014DF9 /* FirebaseCore in Frameworks */,
				18FA8B4B2EDC1BA900014DF9 /* FirebaseAuth in Frameworks */,
				18FA8B552EDC1D7900014DF9 /* GoogleSignIn in Frameworks */,
			);
			runOnlyForDeploymentPostprocessing = 0;
		};
		188AFD112E5C5FB900F42B6C /* Frameworks */ = {
			isa = PBXFrameworksBuildPhase;
			buildActionMask = 2147483647;
			files = (
			);
			runOnlyForDeploymentPostprocessing = 0;
		};
		188AFD1B2E5C5FB900F42B6C /* Frameworks */ = {
			isa = PBXFrameworksBuildPhase;
			buildActionMask = 2147483647;
			files = (
			);
			runOnlyForDeploymentPostprocessing = 0;
		};
/* End PBXFrameworksBuildPhase section */

/* Begin PBXGroup section */
		188AFCFE2E5C5FB800F42B6C = {
			isa = PBXGroup;
			children = (
				18FA8B522EDC1CA100014DF9 /* Psa-Khmer-Info.plist */,
				188AFD092E5C5FB800F42B6C /* E-commerce */,
				188AFD172E5C5FB900F42B6C /* E-commerceTests */,
				188AFD212E5C5FB900F42B6C /* E-commerceUITests */,
				188AFD082E5C5FB800F42B6C /* Products */,
			);
			sourceTree = "<group>";
		};
		188AFD082E5C5FB800F42B6C /* Products */ = {
			isa = PBXGroup;
			children = (
				188AFD072E5C5FB800F42B6C /* Psa Khmer.app */,
				188AFD142E5C5FB900F42B6C /* Psa KhmerTests.xctest */,
				188AFD1E2E5C5FB900F42B6C /* Psa KhmerUITests.xctest */,
			);
			name = Products;
			sourceTree = "<group>";
		};
/* End PBXGroup section */

/* Begin PBXNativeTarget section */
		188AFD062E5C5FB800F42B6C /* Psa Khmer */ = {
			isa = PBXNativeTarget;
			buildConfigurationList = 188AFD282E5C5FB900F42B6C /* Build configuration list for PBXNativeTarget "Psa Khmer" */;
			buildPhases = (
				188AFD032E5C5FB800F42B6C /* Sources */,
				188AFD042E5C5FB800F42B6C /* Frameworks */,
				188AFD052E5C5FB800F42B6C /* Resources */,
			);
			buildRules = (
			);
			dependencies = (
			);
			fileSystemSynchronizedGroups = (
				188AFD092E5C5FB800F42B6C /* E-commerce */,
			);
			name = "Psa Khmer";
			packageProductDependencies = (
				18FA8B4A2EDC1BA900014DF9 /* FirebaseAuth */,
				18FA8B4C2EDC1BA900014DF9 /* FirebaseCore */,
				18FA8B542EDC1D7900014DF9 /* GoogleSignIn */,
			);
			productName = "E-commerce";
			productReference = 188AFD072E5C5FB800F42B6C /* Psa Khmer.app */;
			productType = "com.apple.product-type.application";
		};
		188AFD132E5C5FB900F42B6C /* Psa KhmerTests */ = {
			isa = PBXNativeTarget;
			buildConfigurationList = 188AFD2B2E5C5FB900F42B6C /* Build configuration list for PBXNativeTarget "Psa KhmerTests" */;
			buildPhases = (
				188AFD102E5C5FB900F42B6C /* Sources */,
				188AFD112E5C5FB900F42B6C /* Frameworks */,
				188AFD122E5C5FB900F42B6C /* Resources */,
			);
			buildRules = (
			);
			dependencies = (
				188AFD162E5C5FB900F42B6C /* PBXTargetDependency */,
			);
			fileSystemSynchronizedGroups = (
				188AFD172E5C5FB900F42B6C /* E-commerceTests */,
			);
			name = "Psa KhmerTests";
			packageProductDependencies = (
			);
			productName = "E-commerceTests";
			productReference = 188AFD142E5C5FB900F42B6C /* Psa KhmerTests.xctest */;
			productType = "com.apple.product-type.bundle.unit-test";
		};
		188AFD1D2E5C5FB900F42B6C /* Psa KhmerUITests */ = {
			isa = PBXNativeTarget;
			buildConfigurationList = 188AFD2E2E5C5FB900F42B6C /* Build configuration list for PBXNativeTarget "Psa KhmerUITests" */;
			buildPhases = (
				188AFD1A2E5C5FB900F42B6C /* Sources */,
				188AFD1B2E5C5FB900F42B6C /* Frameworks */,
				188AFD1C2E5C5FB900F42B6C /* Resources */,
			);
			buildRules = (
			);
			dependencies = (
				188AFD202E5C5FB900F42B6C /* PBXTargetDependency */,
			);
			fileSystemSynchronizedGroups = (
				188AFD212E5C5FB900F42B6C /* E-commerceUITests */,
			);
			name = "Psa KhmerUITests";
			packageProductDependencies = (
			);
			productName = "E-commerceUITests";
			productReference = 188AFD1E2E5C5FB900F42B6C /* Psa KhmerUITests.xctest */;
			productType = "com.apple.product-type.bundle.ui-testing";
		};
/* End PBXNativeTarget section */

/* Begin PBXProject section */
		188AFCFF2E5C5FB800F42B6C /* Project object */ = {
			isa = PBXProject;
			attributes = {
				BuildIndependentTargetsInParallel = 1;
				LastSwiftUpdateCheck = 1640;
				LastUpgradeCheck = 1640;
				TargetAttributes = {
					188AFD062E5C5FB800F42B6C = {
						CreatedOnToolsVersion = 16.4;
					};
					188AFD132E5C5FB900F42B6C = {
						CreatedOnToolsVersion = 16.4;
						TestTargetID = 188AFD062E5C5FB800F42B6C;
					};
					188AFD1D2E5C5FB900F42B6C = {
						CreatedOnToolsVersion = 16.4;
						TestTargetID = 188AFD062E5C5FB800F42B6C;
					};
				};
			};
			buildConfigurationList = 188AFD022E5C5FB800F42B6C /* Build configuration list for PBXProject "Psa Khmer" */;
			developmentRegion = en;
			hasScannedForEncodings = 0;
			knownRegions = (
				en,
				Base,
			);
			mainGroup = 188AFCFE2E5C5FB800F42B6C;
			minimizedProjectReferenceProxies = 1;
			packageReferences = (
				18FA8B492EDC1BA900014DF9 /* XCRemoteSwiftPackageReference "firebase-ios-sdk" */,
				18FA8B532EDC1D7900014DF9 /* XCRemoteSwiftPackageReference "GoogleSignIn-iOS" */,
			);
			preferredProjectObjectVersion = 77;
			productRefGroup = 188AFD082E5C5FB800F42B6C /* Products */;
			projectDirPath = "";
			projectRoot = "";
			targets = (
				188AFD062E5C5FB800F42B6C /* Psa Khmer */,
				188AFD132E5C5FB900F42B6C /* Psa KhmerTests */,
				188AFD1D2E5C5FB900F42B6C /* Psa KhmerUITests */,
			);
		};
/* End PBXProject section */

/* Begin PBXResourcesBuildPhase section */
		188AFD052E5C5FB800F42B6C /* Resources */ = {
			isa = PBXResourcesBuildPhase;
			buildActionMask = 2147483647;
			files = (
			);
			runOnlyForDeploymentPostprocessing = 0;
		};
		188AFD122E5C5FB900F42B6C /* Resources */ = {
			isa = PBXResourcesBuildPhase;
			buildActionMask = 2147483647;
			files = (
			);
			runOnlyForDeploymentPostprocessing = 0;
		};
		188AFD1C2E5C5FB900F42B6C /* Resources */ = {
			isa = PBXResourcesBuildPhase;
			buildActionMask = 2147483647;
			files = (
			);
			runOnlyForDeploymentPostprocessing = 0;
		};
/* End PBXResourcesBuildPhase section */

/* Begin PBXSourcesBuildPhase section */
		188AFD032E5C5FB800F42B6C /* Sources */ = {
			isa = PBXSourcesBuildPhase;
			buildActionMask = 2147483647;
			files = (
			);
			runOnlyForDeploymentPostprocessing = 0;
		};
		188AFD102E5C5FB900F42B6C /* Sources */ = {
			isa = PBXSourcesBuildPhase;
			buildActionMask = 2147483647;
			files = (
			);
			runOnlyForDeploymentPostprocessing = 0;
		};
		188AFD1A2E5C5FB900F42B6C /* Sources */ = {
			isa = PBXSourcesBuildPhase;
			buildActionMask = 2147483647;
			files = (
			);
			runOnlyForDeploymentPostprocessing = 0;
		};
/* End PBXSourcesBuildPhase section */

/* Begin PBXTargetDependency section */
		188AFD162E5C5FB900F42B6C /* PBXTargetDependency */ = {
			isa = PBXTargetDependency;
			target = 188AFD062E5C5FB800F42B6C /* Psa Khmer */;
			targetProxy = 188AFD152E5C5FB900F42B6C /* PBXContainerItemProxy */;
		};
		188AFD202E5C5FB900F42B6C /* PBXTargetDependency */ = {
			isa = PBXTargetDependency;
			target = 188AFD062E5C5FB800F42B6C /* Psa Khmer */;
			targetProxy = 188AFD1F2E5C5FB900F42B6C /* PBXContainerItemProxy */;
		};
/* End PBXTargetDependency section */

/* Begin XCBuildConfiguration section */
		188AFD262E5C5FB900F42B6C /* Debug */ = {
			isa = XCBuildConfiguration;
			buildSettings = {
				ALWAYS_SEARCH_USER_PATHS = NO;
				ASSETCATALOG_COMPILER_GENERATE_SWIFT_ASSET_SYMBOL_EXTENSIONS = YES;
				CLANG_ANALYZER_NONNULL = YES;
				CLANG_ANALYZER_NUMBER_OBJECT_CONVERSION = YES_AGGRESSIVE;
				CLANG_CXX_LANGUAGE_STANDARD = "gnu++20";
				CLANG_ENABLE_MODULES = YES;
				CLANG_ENABLE_OBJC_ARC = YES;
				CLANG_ENABLE_OBJC_WEAK = YES;
				CLANG_WARN_BLOCK_CAPTURE_AUTORELEASING = YES;
				CLANG_WARN_BOOL_CONVERSION = YES;
				CLANG_WARN_COMMA = YES;
				CLANG_WARN_CONSTANT_CONVERSION = YES;
				CLANG_WARN_DEPRECATED_OBJC_IMPLEMENTATIONS = YES;
				CLANG_WARN_DIRECT_OBJC_ISA_USAGE = YES_ERROR;
				CLANG_WARN_DOCUMENTATION_COMMENTS = YES;
				CLANG_WARN_EMPTY_BODY = YES;
				CLANG_WARN_ENUM_CONVERSION = YES;
				CLANG_WARN_INFINITE_RECURSION = YES;
				CLANG_WARN_INT_CONVERSION = YES;
				CLANG_WARN_NON_LITERAL_NULL_CONVERSION = YES;
				CLANG_WARN_OBJC_IMPLICIT_RETAIN_SELF = YES;
				CLANG_WARN_OBJC_LITERAL_CONVERSION = YES;
				CLANG_WARN_OBJC_ROOT_CLASS = YES_ERROR;
				CLANG_WARN_QUOTED_INCLUDE_IN_FRAMEWORK_HEADER = YES;
				CLANG_WARN_RANGE_LOOP_ANALYSIS = YES;
				CLANG_WARN_STRICT_PROTOTYPES = YES;
				CLANG_WARN_SUSPICIOUS_MOVE = YES;
				CLANG_WARN_UNGUARDED_AVAILABILITY = YES_AGGRESSIVE;
				CLANG_WARN_UNREACHABLE_CODE = YES;
				CLANG_WARN__DUPLICATE_METHOD_MATCH = YES;
				COPY_PHASE_STRIP = NO;
				DEBUG_INFORMATION_FORMAT = dwarf;
				DEVELOPMENT_TEAM = M2X26DUJR5;
				ENABLE_STRICT_OBJC_MSGSEND = YES;
				ENABLE_TESTABILITY = YES;
				ENABLE_USER_SCRIPT_SANDBOXING = YES;
				GCC_C_LANGUAGE_STANDARD = gnu17;
				GCC_DYNAMIC_NO_PIC = NO;
				GCC_NO_COMMON_BLOCKS = YES;
				GCC_OPTIMIZATION_LEVEL = 0;
				GCC_PREPROCESSOR_DEFINITIONS = (
					"DEBUG=1",
					"$(inherited)",
				);
				GCC_WARN_64_TO_32_BIT_CONVERSION = YES;
				GCC_WARN_ABOUT_RETURN_TYPE = YES_ERROR;
				GCC_WARN_UNDECLARED_SELECTOR = YES;
				GCC_WARN_UNINITIALIZED_AUTOS = YES_AGGRESSIVE;
				GCC_WARN_UNUSED_FUNCTION = YES;
				GCC_WARN_UNUSED_VARIABLE = YES;
				IPHONEOS_DEPLOYMENT_TARGET = 18.5;
				LOCALIZATION_PREFERS_STRING_CATALOGS = YES;
				MTL_ENABLE_DEBUG_INFO = INCLUDE_SOURCE;
				MTL_FAST_MATH = YES;
				ONLY_ACTIVE_ARCH = YES;
				SDKROOT = iphoneos;
				SWIFT_ACTIVE_COMPILATION_CONDITIONS = "DEBUG $(inherited)";
				SWIFT_OPTIMIZATION_LEVEL = "-Onone";
			};
			name = Debug;
		};
		188AFD272E5C5FB900F42B6C /* Release */ = {
			isa = XCBuildConfiguration;
			buildSettings = {
				ALWAYS_SEARCH_USER_PATHS = NO;
				ASSETCATALOG_COMPILER_GENERATE_SWIFT_ASSET_SYMBOL_EXTENSIONS = YES;
				CLANG_ANALYZER_NONNULL = YES;
				CLANG_ANALYZER_NUMBER_OBJECT_CONVERSION = YES_AGGRESSIVE;
				CLANG_CXX_LANGUAGE_STANDARD = "gnu++20";
				CLANG_ENABLE_MODULES = YES;
				CLANG_ENABLE_OBJC_ARC = YES;
				CLANG_ENABLE_OBJC_WEAK = YES;
				CLANG_WARN_BLOCK_CAPTURE_AUTORELEASING = YES;
				CLANG_WARN_BOOL_CONVERSION = YES;
				CLANG_WARN_COMMA = YES;
				CLANG_WARN_CONSTANT_CONVERSION = YES;
				CLANG_WARN_DEPRECATED_OBJC_IMPLEMENTATIONS = YES;
				CLANG_WARN_DIRECT_OBJC_ISA_USAGE = YES_ERROR;
				CLANG_WARN_DOCUMENTATION_COMMENTS = YES;
				CLANG_WARN_EMPTY_BODY = YES;
				CLANG_WARN_ENUM_CONVERSION = YES;
				CLANG_WARN_INFINITE_RECURSION = YES;
				CLANG_WARN_INT_CONVERSION = YES;
				CLANG_WARN_NON_LITERAL_NULL_CONVERSION = YES;
				CLANG_WARN_OBJC_IMPLICIT_RETAIN_SELF = YES;
				CLANG_WARN_OBJC_LITERAL_CONVERSION = YES;
				CLANG_WARN_OBJC_ROOT_CLASS = YES_ERROR;
				CLANG_WARN_QUOTED_INCLUDE_IN_FRAMEWORK_HEADER = YES;
				CLANG_WARN_RANGE_LOOP_ANALYSIS = YES;
				CLANG_WARN_STRICT_PROTOTYPES = YES;
				CLANG_WARN_SUSPICIOUS_MOVE = YES;
				CLANG_WARN_UNGUARDED_AVAILABILITY = YES_AGGRESSIVE;
				CLANG_WARN_UNREACHABLE_CODE = YES;
				CLANG_WARN__DUPLICATE_METHOD_MATCH = YES;
				COPY_PHASE_STRIP = NO;
				DEBUG_INFORMATION_FORMAT = "dwarf-with-dsym";
				DEVELOPMENT_TEAM = M2X26DUJR5;
				ENABLE_NS_ASSERTIONS = NO;
				ENABLE_STRICT_OBJC_MSGSEND = YES;
				ENABLE_USER_SCRIPT_SANDBOXING = YES;
				GCC_C_LANGUAGE_STANDARD = gnu17;
				GCC_NO_COMMON_BLOCKS = YES;
				GCC_WARN_64_TO_32_BIT_CONVERSION = YES;
				GCC_WARN_ABOUT_RETURN_TYPE = YES_ERROR;
				GCC_WARN_UNDECLARED_SELECTOR = YES;
				GCC_WARN_UNINITIALIZED_AUTOS = YES_AGGRESSIVE;
				GCC_WARN_UNUSED_FUNCTION = YES;
				GCC_WARN_UNUSED_VARIABLE = YES;
				IPHONEOS_DEPLOYMENT_TARGET = 18.5;
				LOCALIZATION_PREFERS_STRING_CATALOGS = YES;
				MTL_ENABLE_DEBUG_INFO = NO;
				MTL_FAST_MATH = YES;
				SDKROOT = iphoneos;
				SWIFT_COMPILATION_MODE = wholemodule;
				VALIDATE_PRODUCT = YES;
			};
			name = Release;
		};
		188AFD292E5C5FB900F42B6C /* Debug */ = {
			isa = XCBuildConfiguration;
			buildSettings = {
				ASSETCATALOG_COMPILER_APPICON_NAME = AppIcon;
				ASSETCATALOG_COMPILER_GLOBAL_ACCENT_COLOR_NAME = AccentColor;
				CODE_SIGN_STYLE = Automatic;
				CURRENT_PROJECT_VERSION = 1;
				DEVELOPMENT_TEAM = M2X26DUJR5;
				ENABLE_PREVIEWS = YES;
				GENERATE_INFOPLIST_FILE = YES;
				INFOPLIST_FILE = "Psa-Khmer-Info.plist";
				INFOPLIST_KEY_UIApplicationSceneManifest_Generation = YES;
				INFOPLIST_KEY_UIApplicationSupportsIndirectInputEvents = YES;
				INFOPLIST_KEY_UILaunchScreen_Generation = YES;
				INFOPLIST_KEY_UISupportedInterfaceOrientations_iPad = "UIInterfaceOrientationPortrait UIInterfaceOrientationPortraitUpsideDown UIInterfaceOrientationLandscapeLeft UIInterfaceOrientationLandscapeRight";
				INFOPLIST_KEY_UISupportedInterfaceOrientations_iPhone = "UIInterfaceOrientationPortrait UIInterfaceOrientationLandscapeLeft UIInterfaceOrientationLandscapeRight";
				LD_RUNPATH_SEARCH_PATHS = (
					"$(inherited)",
					"@executable_path/Frameworks",
				);
				MARKETING_VERSION = 1.0;
				PRODUCT_BUNDLE_IDENTIFIER = "ecommerce-001";
				PRODUCT_NAME = "$(TARGET_NAME)";
				SWIFT_EMIT_LOC_STRINGS = YES;
				SWIFT_VERSION = 5.0;
				TARGETED_DEVICE_FAMILY = "1,2";
			};
			name = Debug;
		};
		188AFD2A2E5C5FB900F42B6C /* Release */ = {
			isa = XCBuildConfiguration;
			buildSettings = {
				ASSETCATALOG_COMPILER_APPICON_NAME = AppIcon;
				ASSETCATALOG_COMPILER_GLOBAL_ACCENT_COLOR_NAME = AccentColor;
				CODE_SIGN_STYLE = Automatic;
				CURRENT_PROJECT_VERSION = 1;
				DEVELOPMENT_TEAM = M2X26DUJR5;
				ENABLE_PREVIEWS = YES;
				GENERATE_INFOPLIST_FILE = YES;
				INFOPLIST_FILE = "Psa-Khmer-Info.plist";
				INFOPLIST_KEY_UIApplicationSceneManifest_Generation = YES;
				INFOPLIST_KEY_UIApplicationSupportsIndirectInputEvents = YES;
				INFOPLIST_KEY_UILaunchScreen_Generation = YES;
				INFOPLIST_KEY_UISupportedInterfaceOrientations_iPad = "UIInterfaceOrientationPortrait UIInterfaceOrientationPortraitUpsideDown UIInterfaceOrientationLandscapeLeft UIInterfaceOrientationLandscapeRight";
				INFOPLIST_KEY_UISupportedInterfaceOrientations_iPhone = "UIInterfaceOrientationPortrait UIInterfaceOrientationLandscapeLeft UIInterfaceOrientationLandscapeRight";
				LD_RUNPATH_SEARCH_PATHS = (
					"$(inherited)",
					"@executable_path/Frameworks",
				);
				MARKETING_VERSION = 1.0;
				PRODUCT_BUNDLE_IDENTIFIER = "ecommerce-001";
				PRODUCT_NAME = "$(TARGET_NAME)";
				SWIFT_EMIT_LOC_STRINGS = YES;
				SWIFT_VERSION = 5.0;
				TARGETED_DEVICE_FAMILY = "1,2";
			};
			name = Release;
		};
		188AFD2C2E5C5FB900F42B6C /* Debug */ = {
			isa = XCBuildConfiguration;
			buildSettings = {
				BUNDLE_LOADER = "$(TEST_HOST)";
				CODE_SIGN_STYLE = Automatic;
				CURRENT_PROJECT_VERSION = 1;
				DEVELOPMENT_TEAM = M2X26DUJR5;
				GENERATE_INFOPLIST_FILE = YES;
				IPHONEOS_DEPLOYMENT_TARGET = 18.5;
				MARKETING_VERSION = 1.0;
				PRODUCT_BUNDLE_IDENTIFIER = "ios.E-commerceTests";
				PRODUCT_NAME = "$(TARGET_NAME)";
				SWIFT_EMIT_LOC_STRINGS = NO;
				SWIFT_VERSION = 5.0;
				TARGETED_DEVICE_FAMILY = "1,2";
				TEST_HOST = "$(BUILT_PRODUCTS_DIR)/Psa Khmer.app/$(BUNDLE_EXECUTABLE_FOLDER_PATH)/Psa Khmer";
			};
			name = Debug;
		};
		188AFD2D2E5C5FB900F42B6C /* Release */ = {
			isa = XCBuildConfiguration;
			buildSettings = {
				BUNDLE_LOADER = "$(TEST_HOST)";
				CODE_SIGN_STYLE = Automatic;
				CURRENT_PROJECT_VERSION = 1;
				DEVELOPMENT_TEAM = M2X26DUJR5;
				GENERATE_INFOPLIST_FILE = YES;
				IPHONEOS_DEPLOYMENT_TARGET = 18.5;
				MARKETING_VERSION = 1.0;
				PRODUCT_BUNDLE_IDENTIFIER = "ios.E-commerceTests";
				PRODUCT_NAME = "$(TARGET_NAME)";
				SWIFT_EMIT_LOC_STRINGS = NO;
				SWIFT_VERSION = 5.0;
				TARGETED_DEVICE_FAMILY = "1,2";
				TEST_HOST = "$(BUILT_PRODUCTS_DIR)/Psa Khmer.app/$(BUNDLE_EXECUTABLE_FOLDER_PATH)/Psa Khmer";
			};
			name = Release;
		};
		188AFD2F2E5C5FB900F42B6C /* Debug */ = {
			isa = XCBuildConfiguration;
			buildSettings = {
				CODE_SIGN_STYLE = Automatic;
				CURRENT_PROJECT_VERSION = 1;
				DEVELOPMENT_TEAM = M2X26DUJR5;
				GENERATE_INFOPLIST_FILE = YES;
				MARKETING_VERSION = 1.0;
				PRODUCT_BUNDLE_IDENTIFIER = "ios.E-commerceUITests";
				PRODUCT_NAME = "$(TARGET_NAME)";
				SWIFT_EMIT_LOC_STRINGS = NO;
				SWIFT_VERSION = 5.0;
				TARGETED_DEVICE_FAMILY = "1,2";
				TEST_TARGET_NAME = "E-commerce";
			};
			name = Debug;
		};
		188AFD302E5C5FB900F42B6C /* Release */ = {
			isa = XCBuildConfiguration;
			buildSettings = {
				CODE_SIGN_STYLE = Automatic;
				CURRENT_PROJECT_VERSION = 1;
				DEVELOPMENT_TEAM = M2X26DUJR5;
				GENERATE_INFOPLIST_FILE = YES;
				MARKETING_VERSION = 1.0;
				PRODUCT_BUNDLE_IDENTIFIER = "ios.E-commerceUITests";
				PRODUCT_NAME = "$(TARGET_NAME)";
				SWIFT_EMIT_LOC_STRINGS = NO;
				SWIFT_VERSION = 5.0;
				TARGETED_DEVICE_FAMILY = "1,2";
				TEST_TARGET_NAME = "E-commerce";
			};
			name = Release;
		};
/* End XCBuildConfiguration section */

/* Begin XCConfigurationList section */
		188AFD022E5C5FB800F42B6C /* Build configuration list for PBXProject "Psa Khmer" */ = {
			isa = XCConfigurationList;
			buildConfigurations = (
				188AFD262E5C5FB900F42B6C /* Debug */,
				188AFD272E5C5FB900F42B6C /* Release */,
			);
			defaultConfigurationIsVisible = 0;
			defaultConfigurationName = Release;
		};
		188AFD282E5C5FB900F42B6C /* Build configuration list for PBXNativeTarget "Psa Khmer" */ = {
			isa = XCConfigurationList;
			buildConfigurations = (
				188AFD292E5C5FB900F42B6C /* Debug */,
				188AFD2A2E5C5FB900F42B6C /* Release */,
			);
			defaultConfigurationIsVisible = 0;
			defaultConfigurationName = Release;
		};
		188AFD2B2E5C5FB900F42B6C /* Build configuration list for PBXNativeTarget "Psa KhmerTests" */ = {
			isa = XCConfigurationList;
			buildConfigurations = (
				188AFD2C2E5C5FB900F42B6C /* Debug */,
				188AFD2D2E5C5FB900F42B6C /* Release */,
			);
			defaultConfigurationIsVisible = 0;
			defaultConfigurationName = Release;
		};
		188AFD2E2E5C5FB900F42B6C /* Build configuration list for PBXNativeTarget "Psa KhmerUITests" */ = {
			isa = XCConfigurationList;
			buildConfigurations = (
				188AFD2F2E5C5FB900F42B6C /* Debug */,
				188AFD302E5C5FB900F42B6C /* Release */,
			);
			defaultConfigurationIsVisible = 0;
			defaultConfigurationName = Release;
		};
/* End XCConfigurationList section */

/* Begin XCRemoteSwiftPackageReference section */
		18FA8B492EDC1BA900014DF9 /* XCRemoteSwiftPackageReference "firebase-ios-sdk" */ = {
			isa = XCRemoteSwiftPackageReference;
			repositoryURL = "https://github.com/firebase/firebase-ios-sdk.git";
			requirement = {
				kind = upToNextMajorVersion;
				minimumVersion = 12.6.0;
			};
		};
		18FA8B532EDC1D7900014DF9 /* XCRemoteSwiftPackageReference "GoogleSignIn-iOS" */ = {
			isa = XCRemoteSwiftPackageReference;
			repositoryURL = "https://github.com/google/GoogleSignIn-iOS.git";
			requirement = {
				kind = upToNextMajorVersion;
				minimumVersion = 9.0.0;
			};
		};
/* End XCRemoteSwiftPackageReference section */

/* Begin XCSwiftPackageProductDependency section */
		18FA8B4A2EDC1BA900014DF9 /* FirebaseAuth */ = {
			isa = XCSwiftPackageProductDependency;
			package = 18FA8B492EDC1BA900014DF9 /* XCRemoteSwiftPackageReference "firebase-ios-sdk" */;
			productName = FirebaseAuth;
		};
		18FA8B4C2EDC1BA900014DF9 /* FirebaseCore */ = {
			isa = XCSwiftPackageProductDependency;
			package = 18FA8B492EDC1BA900014DF9 /* XCRemoteSwiftPackageReference "firebase-ios-sdk" */;
			productName = FirebaseCore;
		};
		18FA8B542EDC1D7900014DF9 /* GoogleSignIn */ = {
			isa = XCSwiftPackageProductDependency;
			package = 18FA8B532EDC1D7900014DF9 /* XCRemoteSwiftPackageReference "GoogleSignIn-iOS" */;
			productName = GoogleSignIn;
		};
/* End XCSwiftPackageProductDependency section */
	};
	rootObject = 188AFCFF2E5C5FB800F42B6C /* Project object */;
}
